
Microsoft Visual Studio Solution File, Format Version 12.00
# Visual Studio Version 17
VisualStudioVersion = 17.3.32929.385
MinimumVisualStudioVersion = 10.0.40219.1
Project("{FAE04EC0-301F-11D3-BF4B-00C04F79EFBC}") = "Orders.Api", "Market\Orders.Api.csproj", "{F6092470-5E08-4192-BEC6-DC109B891EC6}"
EndProject
Project("{FAE04EC0-301F-11D3-BF4B-00C04F79EFBC}") = "Products.Api", "Product.Api\Products.Api.csproj", "{82DF21C1-CC38-42F1-8459-8E29B39DF950}"
EndProject
Global
	GlobalSection(SolutionConfigurationPlatforms) = preSolution
		Debug|Any CPU = Debug|Any CPU
		Release|Any CPU = Release|Any CPU
	EndGlobalSection
	GlobalSection(ProjectConfigurationPlatforms) = postSolution
		{F6092470-5E08-4192-BEC6-DC109B891EC6}.Debug|Any CPU.ActiveCfg = Debug|Any CPU
		{F6092470-5E08-4192-BEC6-DC109B891EC6}.Debug|Any CPU.Build.0 = Debug|Any CPU
		{F6092470-5E08-4192-BEC6-DC109B891EC6}.Release|Any CPU.ActiveCfg = Release|Any CPU
		{F6092470-5E08-4192-BEC6-DC109B891EC6}.Release|Any CPU.Build.0 = Release|Any CPU
		{82DF21C1-CC38-42F1-8459-8E29B39DF950}.Debug|Any CPU.ActiveCfg = Debug|Any CPU
		{82DF21C1-CC38-42F1-8459-8E29B39DF950}.Debug|Any CPU.Build.0 = Debug|Any CPU
		{82DF21C1-CC38-42F1-8459-8E29B39DF950}.Release|Any CPU.ActiveCfg = Release|Any CPU
		{82DF21C1-CC38-42F1-8459-8E29B39DF950}.Release|Any CPU.Build.0 = Release|Any CPU
	EndGlobalSection
	GlobalSection(SolutionProperties) = preSolution
		HideSolutionNode = FALSE
	EndGlobalSection
	GlobalSection(ExtensibilityGlobals) = postSolution
		SolutionGuid = {1780063A-AB39-4781-A50F-84CC106AF40B}
	EndGlobalSection
EndGlobal
